{
  "name": "todo",
  "version": "1.0.0",
  "lockfileVersion": 1,
  "requires": true,
  "dependencies": {
    "@rgrannell/errors": {
      "version": "9.1.0",
      "resolved": "https://registry.npmjs.org/@rgrannell/errors/-/errors-9.1.0.tgz",
      "integrity": "sha512-DdQHtLaVGpqmpY84Q01AMTh7L55Vvegh7oNZT2WIDy2TXwJSS8Prjq443N/k/CUCaUnoFLzgPeKFeSP7g76ZbA=="
    },
    "ansi-regex": {
      "version": "2.1.1",
      "resolved": "https://registry.npmjs.org/ansi-regex/-/ansi-regex-2.1.1.tgz",
      "integrity": "sha1-w7M6te42DYbg5ijwRorn7yfWVN8="
    },
    "docopt": {
      "version": "0.6.2",
      "resolved": "https://registry.npmjs.org/docopt/-/docopt-0.6.2.tgz",
      "integrity": "sha1-so6eIiDaXsSffqW7JKR3h0Be6xE="
    },
    "marked": {
      "version": "1.1.0",
      "resolved": "https://registry.npmjs.org/marked/-/marked-1.1.0.tgz",
      "integrity": "sha512-EkE7RW6KcXfMHy2PA7Jg0YJE1l8UPEZE8k45tylzmZM30/r1M1MUXWQfJlrSbsTeh7m/XTwHbWUENvAJZpp1YA=="
    },
    "neodoc": {
      "version": "2.0.2",
      "resolved": "https://registry.npmjs.org/neodoc/-/neodoc-2.0.2.tgz",
      "integrity": "sha512-NAppJ0YecKWdhSXFYCHbo6RutiX8vOt/Jo3l46mUg6pQlpJNaqc5cGxdrW2jITQm5JIYySbFVPDl3RrREXNyPw==",
      "requires": {
        "ansi-regex": "^2.0.0"
      }
    }
  }
}
